
Microsoft Visual Studio Solution File, Format Version 12.00
# Visual Studio Version 17
VisualStudioVersion = 17.4.33403.182
MinimumVisualStudioVersion = 10.0.40219.1
Project("{9A19103F-16F7-4668-BE54-9A1E7A4F7556}") = "Zhipster.Internal.Api.Location", "Zhipster.Internal.Api.Location\Zhipster.Internal.Api.Location.csproj", "{D8DF61FA-B2B0-4CD7-82FA-825FDA11BD2A}"
EndProject
Project("{9A19103F-16F7-4668-BE54-9A1E7A4F7556}") = "Zhipster.Internal.Api.Data", "Zhipster.Internal.Api.Data\Zhipster.Internal.Api.Data.csproj", "{5BEF3AF9-D7DD-4CF6-BF0F-832C9E42D299}"
EndProject
Project("{FAE04EC0-301F-11D3-BF4B-00C04F79EFBC}") = "Zhipster.Internal.Api.Test", "Zhipster.Internal.Api.Test\Zhipster.Internal.Api.Test.csproj", "{32F11F54-BC8D-48EE-A77E-E2B8B09BA69F}"
EndProject
Global
	GlobalSection(SolutionConfigurationPlatforms) = preSolution
		Debug|Any CPU = Debug|Any CPU
		Release|Any CPU = Release|Any CPU
	EndGlobalSection
	GlobalSection(ProjectConfigurationPlatforms) = postSolution
		{D8DF61FA-B2B0-4CD7-82FA-825FDA11BD2A}.Debug|Any CPU.ActiveCfg = Debug|Any CPU
		{D8DF61FA-B2B0-4CD7-82FA-825FDA11BD2A}.Debug|Any CPU.Build.0 = Debug|Any CPU
		{D8DF61FA-B2B0-4CD7-82FA-825FDA11BD2A}.Release|Any CPU.ActiveCfg = Release|Any CPU
		{D8DF61FA-B2B0-4CD7-82FA-825FDA11BD2A}.Release|Any CPU.Build.0 = Release|Any CPU
		{5BEF3AF9-D7DD-4CF6-BF0F-832C9E42D299}.Debug|Any CPU.ActiveCfg = Debug|Any CPU
		{5BEF3AF9-D7DD-4CF6-BF0F-832C9E42D299}.Debug|Any CPU.Build.0 = Debug|Any CPU
		{5BEF3AF9-D7DD-4CF6-BF0F-832C9E42D299}.Release|Any CPU.ActiveCfg = Release|Any CPU
		{5BEF3AF9-D7DD-4CF6-BF0F-832C9E42D299}.Release|Any CPU.Build.0 = Release|Any CPU
		{32F11F54-BC8D-48EE-A77E-E2B8B09BA69F}.Debug|Any CPU.ActiveCfg = Debug|Any CPU
		{32F11F54-BC8D-48EE-A77E-E2B8B09BA69F}.Debug|Any CPU.Build.0 = Debug|Any CPU
		{32F11F54-BC8D-48EE-A77E-E2B8B09BA69F}.Release|Any CPU.ActiveCfg = Release|Any CPU
		{32F11F54-BC8D-48EE-A77E-E2B8B09BA69F}.Release|Any CPU.Build.0 = Release|Any CPU
	EndGlobalSection
	GlobalSection(SolutionProperties) = preSolution
		HideSolutionNode = FALSE
	EndGlobalSection
	GlobalSection(ExtensibilityGlobals) = postSolution
		SolutionGuid = {F7574ABF-106D-4B4B-8F00-E8B4AA172666}
	EndGlobalSection
EndGlobal
